
Microsoft Visual Studio Solution File, Format Version 12.00
# Visual Studio Version 17
VisualStudioVersion = 17.4.33213.308
MinimumVisualStudioVersion = 10.0.40219.1
Project("{FAE04EC0-301F-11D3-BF4B-00C04F79EFBC}") = "ServiceWorker", "ServiceWorker.csproj", "{557E64B6-3AC7-4D27-B48B-551233FA84A6}"
EndProject
Global
	GlobalSection(SolutionConfigurationPlatforms) = preSolution
		Debug|Any CPU = Debug|Any CPU
		Release|Any CPU = Release|Any CPU
	EndGlobalSection
	GlobalSection(ProjectConfigurationPlatforms) = postSolution
		{557E64B6-3AC7-4D27-B48B-551233FA84A6}.Debug|Any CPU.ActiveCfg = Debug|Any CPU
		{557E64B6-3AC7-4D27-B48B-551233FA84A6}.Debug|Any CPU.Build.0 = Debug|Any CPU
		{557E64B6-3AC7-4D27-B48B-551233FA84A6}.Release|Any CPU.ActiveCfg = Release|Any CPU
		{557E64B6-3AC7-4D27-B48B-551233FA84A6}.Release|Any CPU.Build.0 = Release|Any CPU
	EndGlobalSection
	GlobalSection(SolutionProperties) = preSolution
		HideSolutionNode = FALSE
	EndGlobalSection
	GlobalSection(ExtensibilityGlobals) = postSolution
		SolutionGuid = {9335665C-6C1B-42CE-9767-F99B56FD2E81}
	EndGlobalSection
EndGlobal
